// !$*UTF8*$!
{
	archiveVersion = 1;
	classes = {
	};
	objectVersion = 50;
	objects = {

/* Begin PBXBuildFile section */
		398C3B432523F23900BE904E /* First_AppApp.swift in Sources */ = {isa = PBXBuildFile; fileRef = 398C3B422523F23900BE904E /* First_AppApp.swift */; };
		398C3B452523F23900BE904E /* ContentView.swift in Sources */ = {isa = PBXBuildFile; fileRef = 398C3B442523F23900BE904E /* ContentView.swift */; };
		398C3B472523F23B00BE904E /* Assets.xcassets in Resources */ = {isa = PBXBuildFile; fileRef = 398C3B462523F23B00BE904E /* Assets.xcassets */; };
		398C3B4A2523F23B00BE904E /* Preview Assets.xcassets in Resources */ = {isa = PBXBuildFile; fileRef = 398C3B492523F23B00BE904E /* Preview Assets.xcassets */; };
		398C3B552523F23B00BE904E /* First_AppTests.swift in Sources */ = {isa = PBXBuildFile; fileRef = 398C3B542523F23B00BE904E /* First_AppTests.swift */; };
		398C3B602523F23B00BE904E /* First_AppUITests.swift in Sources */ = {isa = PBXBuildFile; fileRef = 398C3B5F2523F23B00BE904E /* First_AppUITests.swift */; };
/* End PBXBuildFile section */

/* Begin PBXContainerItemProxy section */
		398C3B512523F23B00BE904E /* PBXContainerItemProxy */ = {
			isa = PBXContainerItemProxy;
			containerPortal = 398C3B372523F23900BE904E /* Project object */;
			proxyType = 1;
			remoteGlobalIDString = 398C3B3E2523F23900BE904E;
			remoteInfo = "First App";
		};
		398C3B5C2523F23B00BE904E /* PBXContainerItemProxy */ = {
			isa = PBXContainerItemProxy;
			containerPortal = 398C3B372523F23900BE904E /* Project object */;
			proxyType = 1;
			remoteGlobalIDString = 398C3B3E2523F23900BE904E;
			remoteInfo = "First App";
		};
/* End PBXContainerItemProxy section */

/* Begin PBXFileReference section */
		398C3B3F2523F23900BE904E /* First App.app */ = {isa = PBXFileReference; explicitFileType = wrapper.application; includeInIndex = 0; path = "First App.app"; sourceTree = BUILT_PRODUCTS_DIR; };
		398C3B422523F23900BE904E /* First_AppApp.swift */ = {isa = PBXFileReference; lastKnownFileType = sourcecode.swift; path = First_AppApp.swift; sourceTree = "<group>"; };
		398C3B442523F23900BE904E /* ContentView.swift */ = {isa = PBXFileReference; lastKnownFileType = sourcecode.swift; path = ContentView.swift; sourceTree = "<group>"; };
		398C3B462523F23B00BE904E /* Assets.xcassets */ = {isa = PBXFileReference; lastKnownFileType = folder.assetcatalog; path = Assets.xcassets; sourceTree = "<group>"; };
		398C3B492523F23B00BE904E /* Preview Assets.xcassets */ = {isa = PBXFileReference; lastKnownFileType = folder.assetcatalog; path = "Preview Assets.xcassets"; sourceTree = "<group>"; };
		398C3B4B2523F23B00BE904E /* Info.plist */ = {isa = PBXFileReference; lastKnownFileType = text.plist.xml; path = Info.plist; sourceTree = "<group>"; };
		398C3B502523F23B00BE904E /* First AppTests.xctest */ = {isa = PBXFileReference; explicitFileType = wrapper.cfbundle; includeInIndex = 0; path = "First AppTests.xctest"; sourceTree = BUILT_PRODUCTS_DIR; };
		398C3B542523F23B00BE904E /* First_AppTests.swift */ = {isa = PBXFileReference; lastKnownFileType = sourcecode.swift; path = First_AppTests.swift; sourceTree = "<group>"; };
		398C3B562523F23B00BE904E /* Info.plist */ = {isa = PBXFileReference; lastKnownFileType = text.plist.xml; path = Info.plist; sourceTree = "<group>"; };
		398C3B5B2523F23B00BE904E /* First AppUITests.xctest */ = {isa = PBXFileReference; explicitFileType = wrapper.cfbundle; includeInIndex = 0; path = "First AppUITests.xctest"; sourceTree = BUILT_PRODUCTS_DIR; };
		398C3B5F2523F23B00BE904E /* First_AppUITests.swift */ = {isa = PBXFileReference; lastKnownFileType = sourcecode.swift; path = First_AppUITests.swift; sourceTree = "<group>"; };
		398C3B612523F23B00BE904E /* Info.plist */ = {isa = PBXFileReference; lastKnownFileType = text.plist.xml; path = Info.plist; sourceTree = "<group>"; };
/* End PBXFileReference section */

/* Begin PBXFrameworksBuildPhase section */
		398C3B3C2523F23900BE904E /* Frameworks */ = {
			isa = PBXFrameworksBuildPhase;
			buildActionMask = 2147483647;
			files = (
			);
			runOnlyForDeploymentPostprocessing = 0;
		};
		398C3B4D2523F23B00BE904E /* Frameworks */ = {
			isa = PBXFrameworksBuildPhase;
			buildActionMask = 2147483647;
			files = (
			);
			runOnlyForDeploymentPostprocessing = 0;
		};
		398C3B582523F23B00BE904E /* Frameworks */ = {
			isa = PBXFrameworksBuildPhase;
			buildActionMask = 2147483647;
			files = (
			);
			runOnlyForDeploymentPostprocessing = 0;
		};
/* End PBXFrameworksBuildPhase section */

/* Begin PBXGroup section */
		398C3B362523F23900BE904E = {
			isa = PBXGroup;
			children = (
				398C3B412523F23900BE904E /* First App */,
				398C3B532523F23B00BE904E /* First AppTests */,
				398C3B5E2523F23B00BE904E /* First AppUITests */,
				398C3B402523F23900BE904E /* Products */,
			);
			sourceTree = "<group>";
		};
		398C3B402523F23900BE904E /* Products */ = {
			isa = PBXGroup;
			children = (
				398C3B3F2523F23900BE904E /* First App.app */,
				398C3B502523F23B00BE904E /* First AppTests.xctest */,
				398C3B5B2523F23B00BE904E /* First AppUITests.xctest */,
			);
			name = Products;
			sourceTree = "<group>";
		};
		398C3B412523F23900BE904E /* First App */ = {
			isa = PBXGroup;
			children = (
				398C3B422523F23900BE904E /* First_AppApp.swift */,
				398C3B442523F23900BE904E /* ContentView.swift */,
				398C3B462523F23B00BE904E /* Assets.xcassets */,
				398C3B4B2523F23B00BE904E /* Info.plist */,
				398C3B482523F23B00BE904E /* Preview Content */,
			);
			path = "First App";
			sourceTree = "<group>";
		};
		398C3B482523F23B00BE904E /* Preview Content */ = {
			isa = PBXGroup;
			children = (
				398C3B492523F23B00BE904E /* Preview Assets.xcassets */,
			);
			path = "Preview Content";
			sourceTree = "<group>";
		};
		398C3B532523F23B00BE904E /* First AppTests */ = {
			isa = PBXGroup;
			children = (
				398C3B542523F23B00BE904E /* First_AppTests.swift */,
				398C3B562523F23B00BE904E /* Info.plist */,
			);
			path = "First AppTests";
			sourceTree = "<group>";
		};
		398C3B5E2523F23B00BE904E /* First AppUITests */ = {
			isa = PBXGroup;
			children = (
				398C3B5F2523F23B00BE904E /* First_AppUITests.swift */,
				398C3B612523F23B00BE904E /* Info.plist */,
			);
			path = "First AppUITests";
			sourceTree = "<group>";
		};
/* End PBXGroup section */

/* Begin PBXNativeTarget section */
		398C3B3E2523F23900BE904E /* First App */ = {
			isa = PBXNativeTarget;
			buildConfigurationList = 398C3B642523F23B00BE904E /* Build configuration list for PBXNativeTarget "First App" */;
			buildPhases = (
				398C3B3B2523F23900BE904E /* Sources */,
				398C3B3C2523F23900BE904E /* Frameworks */,
				398C3B3D2523F23900BE904E /* Resources */,
			);
			buildRules = (
			);
			dependencies = (
			);
			name = "First App";
			productName = "First App";
			productReference = 398C3B3F2523F23900BE904E /* First App.app */;
			productType = "com.apple.product-type.application";
		};
		398C3B4F2523F23B00BE904E /* First AppTests */ = {
			isa = PBXNativeTarget;
			buildConfigurationList = 398C3B672523F23B00BE904E /* Build configuration list for PBXNativeTarget "First AppTests" */;
			buildPhases = (
				398C3B4C2523F23B00BE904E /* Sources */,
				398C3B4D2523F23B00BE904E /* Frameworks */,
				398C3B4E2523F23B00BE904E /* Resources */,
			);
			buildRules = (
			);
			dependencies = (
				398C3B522523F23B00BE904E /* PBXTargetDependency */,
			);
			name = "First AppTests";
			productName = "First AppTests";
			productReference = 398C3B502523F23B00BE904E /* First AppTests.xctest */;
			productType = "com.apple.product-type.bundle.unit-test";
		};
		398C3B5A2523F23B00BE904E /* First AppUITests */ = {
			isa = PBXNativeTarget;
			buildConfigurationList = 398C3B6A2523F23B00BE904E /* Build configuration list for PBXNativeTarget "First AppUITests" */;
			buildPhases = (
				398C3B572523F23B00BE904E /* Sources */,
				398C3B582523F23B00BE904E /* Frameworks */,
				398C3B592523F23B00BE904E /* Resources */,
			);
			buildRules = (
			);
			dependencies = (
				398C3B5D2523F23B00BE904E /* PBXTargetDependency */,
			);
			name = "First AppUITests";
			productName = "First AppUITests";
			productReference = 398C3B5B2523F23B00BE904E /* First AppUITests.xctest */;
			productType = "com.apple.product-type.bundle.ui-testing";
		};
/* End PBXNativeTarget section */

/* Begin PBXProject section */
		398C3B372523F23900BE904E /* Project object */ = {
			isa = PBXProject;
			attributes = {
				LastSwiftUpdateCheck = 1200;
				LastUpgradeCheck = 1200;
				TargetAttributes = {
					398C3B3E2523F23900BE904E = {
						CreatedOnToolsVersion = 12.0.1;
					};
					398C3B4F2523F23B00BE904E = {
						CreatedOnToolsVersion = 12.0.1;
						TestTargetID = 398C3B3E2523F23900BE904E;
					};
					398C3B5A2523F23B00BE904E = {
						CreatedOnToolsVersion = 12.0.1;
						TestTargetID = 398C3B3E2523F23900BE904E;
					};
				};
			};
			buildConfigurationList = 398C3B3A2523F23900BE904E /* Build configuration list for PBXProject "First App" */;
			compatibilityVersion = "Xcode 9.3";
			developmentRegion = en;
			hasScannedForEncodings = 0;
			knownRegions = (
				en,
				Base,
			);
			mainGroup = 398C3B362523F23900BE904E;
			productRefGroup = 398C3B402523F23900BE904E /* Products */;
			projectDirPath = "";
			projectRoot = "";
			targets = (
				398C3B3E2523F23900BE904E /* First App */,
				398C3B4F2523F23B00BE904E /* First AppTests */,
				398C3B5A2523F23B00BE904E /* First AppUITests */,
			);
		};
/* End PBXProject section */

/* Begin PBXResourcesBuildPhase section */
		398C3B3D2523F23900BE904E /* Resources */ = {
			isa = PBXResourcesBuildPhase;
			buildActionMask = 2147483647;
			files = (
				398C3B4A2523F23B00BE904E /* Preview Assets.xcassets in Resources */,
				398C3B472523F23B00BE904E /* Assets.xcassets in Resources */,
			);
			runOnlyForDeploymentPostprocessing = 0;
		};
		398C3B4E2523F23B00BE904E /* Resources */ = {
			isa = PBXResourcesBuildPhase;
			buildActionMask = 2147483647;
			files = (
			);
			runOnlyForDeploymentPostprocessing = 0;
		};
		398C3B592523F23B00BE904E /* Resources */ = {
			isa = PBXResourcesBuildPhase;
			buildActionMask = 2147483647;
			files = (
			);
			runOnlyForDeploymentPostprocessing = 0;
		};
/* End PBXResourcesBuildPhase section */

/* Begin PBXSourcesBuildPhase section */
		398C3B3B2523F23900BE904E /* Sources */ = {
			isa = PBXSourcesBuildPhase;
			buildActionMask = 2147483647;
			files = (
				398C3B452523F23900BE904E /* ContentView.swift in Sources */,
				398C3B432523F23900BE904E /* First_AppApp.swift in Sources */,
			);
			runOnlyForDeploymentPostprocessing = 0;
		};
		398C3B4C2523F23B00BE904E /* Sources */ = {
			isa = PBXSourcesBuildPhase;
			buildActionMask = 2147483647;
			files = (
				398C3B552523F23B00BE904E /* First_AppTests.swift in Sources */,
			);
			runOnlyForDeploymentPostprocessing = 0;
		};
		398C3B572523F23B00BE904E /* Sources */ = {
			isa = PBXSourcesBuildPhase;
			buildActionMask = 2147483647;
			files = (
				398C3B602523F23B00BE904E /* First_AppUITests.swift in Sources */,
			);
			runOnlyForDeploymentPostprocessing = 0;
		};
/* End PBXSourcesBuildPhase section */

/* Begin PBXTargetDependency section */
		398C3B522523F23B00BE904E /* PBXTargetDependency */ = {
			isa = PBXTargetDependency;
			target = 398C3B3E2523F23900BE904E /* First App */;
			targetProxy = 398C3B512523F23B00BE904E /* PBXContainerItemProxy */;
		};
		398C3B5D2523F23B00BE904E /* PBXTargetDependency */ = {
			isa = PBXTargetDependency;
			target = 398C3B3E2523F23900BE904E /* First App */;
			targetProxy = 398C3B5C2523F23B00BE904E /* PBXContainerItemProxy */;
		};
/* End PBXTargetDependency section */

/* Begin XCBuildConfiguration section */
		398C3B622523F23B00BE904E /* Debug */ = {
			isa = XCBuildConfiguration;
			buildSettings = {
				ALWAYS_SEARCH_USER_PATHS = NO;
				CLANG_ANALYZER_NONNULL = YES;
				CLANG_ANALYZER_NUMBER_OBJECT_CONVERSION = YES_AGGRESSIVE;
				CLANG_CXX_LANGUAGE_STANDARD = "gnu++14";
				CLANG_CXX_LIBRARY = "libc++";
				CLANG_ENABLE_MODULES = YES;
				CLANG_ENABLE_OBJC_ARC = YES;
				CLANG_ENABLE_OBJC_WEAK = YES;
				CLANG_WARN_BLOCK_CAPTURE_AUTORELEASING = YES;
				CLANG_WARN_BOOL_CONVERSION = YES;
				CLANG_WARN_COMMA = YES;
				CLANG_WARN_CONSTANT_CONVERSION = YES;
				CLANG_WARN_DEPRECATED_OBJC_IMPLEMENTATIONS = YES;
				CLANG_WARN_DIRECT_OBJC_ISA_USAGE = YES_ERROR;
				CLANG_WARN_DOCUMENTATION_COMMENTS = YES;
				CLANG_WARN_EMPTY_BODY = YES;
				CLANG_WARN_ENUM_CONVERSION = YES;
				CLANG_WARN_INFINITE_RECURSION = YES;
				CLANG_WARN_INT_CONVERSION = YES;
				CLANG_WARN_NON_LITERAL_NULL_CONVERSION = YES;
				CLANG_WARN_OBJC_IMPLICIT_RETAIN_SELF = YES;
				CLANG_WARN_OBJC_LITERAL_CONVERSION = YES;
				CLANG_WARN_OBJC_ROOT_CLASS = YES_ERROR;
				CLANG_WARN_QUOTED_INCLUDE_IN_FRAMEWORK_HEADER = YES;
				CLANG_WARN_RANGE_LOOP_ANALYSIS = YES;
				CLANG_WARN_STRICT_PROTOTYPES = YES;
				CLANG_WARN_SUSPICIOUS_MOVE = YES;
				CLANG_WARN_UNGUARDED_AVAILABILITY = YES_AGGRESSIVE;
				CLANG_WARN_UNREACHABLE_CODE = YES;
				CLANG_WARN__DUPLICATE_METHOD_MATCH = YES;
				COPY_PHASE_STRIP = NO;
				DEBUG_INFORMATION_FORMAT = dwarf;
				ENABLE_STRICT_OBJC_MSGSEND = YES;
				ENABLE_TESTABILITY = YES;
				GCC_C_LANGUAGE_STANDARD = gnu11;
				GCC_DYNAMIC_NO_PIC = NO;
				GCC_NO_COMMON_BLOCKS = YES;
				GCC_OPTIMIZATION_LEVEL = 0;
				GCC_PREPROCESSOR_DEFINITIONS = (
					"DEBUG=1",
					"$(inherited)",
				);
				GCC_WARN_64_TO_32_BIT_CONVERSION = YES;
				GCC_WARN_ABOUT_RETURN_TYPE = YES_ERROR;
				GCC_WARN_UNDECLARED_SELECTOR = YES;
				GCC_WARN_UNINITIALIZED_AUTOS = YES_AGGRESSIVE;
				GCC_WARN_UNUSED_FUNCTION = YES;
				GCC_WARN_UNUSED_VARIABLE = YES;
				IPHONEOS_DEPLOYMENT_TARGET = 14.0;
				MTL_ENABLE_DEBUG_INFO = INCLUDE_SOURCE;
				MTL_FAST_MATH = YES;
				ONLY_ACTIVE_ARCH = YES;
				SDKROOT = iphoneos;
				SWIFT_ACTIVE_COMPILATION_CONDITIONS = DEBUG;
				SWIFT_OPTIMIZATION_LEVEL = "-Onone";
			};
			name = Debug;
		};
		398C3B632523F23B00BE904E /* Release */ = {
			isa = XCBuildConfiguration;
			buildSettings = {
				ALWAYS_SEARCH_USER_PATHS = NO;
				CLANG_ANALYZER_NONNULL = YES;
				CLANG_ANALYZER_NUMBER_OBJECT_CONVERSION = YES_AGGRESSIVE;
				CLANG_CXX_LANGUAGE_STANDARD = "gnu++14";
				CLANG_CXX_LIBRARY = "libc++";
				CLANG_ENABLE_MODULES = YES;
				CLANG_ENABLE_OBJC_ARC = YES;
				CLANG_ENABLE_OBJC_WEAK = YES;
				CLANG_WARN_BLOCK_CAPTURE_AUTORELEASING = YES;
				CLANG_WARN_BOOL_CONVERSION = YES;
				CLANG_WARN_COMMA = YES;
				CLANG_WARN_CONSTANT_CONVERSION = YES;
				CLANG_WARN_DEPRECATED_OBJC_IMPLEMENTATIONS = YES;
				CLANG_WARN_DIRECT_OBJC_ISA_USAGE = YES_ERROR;
				CLANG_WARN_DOCUMENTATION_COMMENTS = YES;
				CLANG_WARN_EMPTY_BODY = YES;
				CLANG_WARN_ENUM_CONVERSION = YES;
				CLANG_WARN_INFINITE_RECURSION = YES;
				CLANG_WARN_INT_CONVERSION = YES;
				CLANG_WARN_NON_LITERAL_NULL_CONVERSION = YES;
				CLANG_WARN_OBJC_IMPLICIT_RETAIN_SELF = YES;
				CLANG_WARN_OBJC_LITERAL_CONVERSION = YES;
				CLANG_WARN_OBJC_ROOT_CLASS = YES_ERROR;
				CLANG_WARN_QUOTED_INCLUDE_IN_FRAMEWORK_HEADER = YES;
				CLANG_WARN_RANGE_LOOP_ANALYSIS = YES;
				CLANG_WARN_STRICT_PROTOTYPES = YES;
				CLANG_WARN_SUSPICIOUS_MOVE = YES;
				CLANG_WARN_UNGUARDED_AVAILABILITY = YES_AGGRESSIVE;
				CLANG_WARN_UNREACHABLE_CODE = YES;
				CLANG_WARN__DUPLICATE_METHOD_MATCH = YES;
				COPY_PHASE_STRIP = NO;
				DEBUG_INFORMATION_FORMAT = "dwarf-with-dsym";
				ENABLE_NS_ASSERTIONS = NO;
				ENABLE_STRICT_OBJC_MSGSEND = YES;
				GCC_C_LANGUAGE_STANDARD = gnu11;
				GCC_NO_COMMON_BLOCKS = YES;
				GCC_WARN_64_TO_32_BIT_CONVERSION = YES;
				GCC_WARN_ABOUT_RETURN_TYPE = YES_ERROR;
				GCC_WARN_UNDECLARED_SELECTOR = YES;
				GCC_WARN_UNINITIALIZED_AUTOS = YES_AGGRESSIVE;
				GCC_WARN_UNUSED_FUNCTION = YES;
				GCC_WARN_UNUSED_VARIABLE = YES;
				IPHONEOS_DEPLOYMENT_TARGET = 14.0;
				MTL_ENABLE_DEBUG_INFO = NO;
				MTL_FAST_MATH = YES;
				SDKROOT = iphoneos;
				SWIFT_COMPILATION_MODE = wholemodule;
				SWIFT_OPTIMIZATION_LEVEL = "-O";
				VALIDATE_PRODUCT = YES;
			};
			name = Release;
		};
		398C3B652523F23B00BE904E /* Debug */ = {
			isa = XCBuildConfiguration;
			buildSettings = {
				ASSETCATALOG_COMPILER_APPICON_NAME = AppIcon;
				ASSETCATALOG_COMPILER_GLOBAL_ACCENT_COLOR_NAME = AccentColor;
				CODE_SIGN_STYLE = Automatic;
				DEVELOPMENT_ASSET_PATHS = "\"First App/Preview Content\"";
				ENABLE_PREVIEWS = YES;
				INFOPLIST_FILE = "First App/Info.plist";
				IPHONEOS_DEPLOYMENT_TARGET = 14.0;
				LD_RUNPATH_SEARCH_PATHS = (
					"$(inherited)",
					"@executable_path/Frameworks",
				);
				PRODUCT_BUNDLE_IDENTIFIER = "thegalkinDev.First-App";
				PRODUCT_NAME = "$(TARGET_NAME)";
				SWIFT_VERSION = 5.0;
				TARGETED_DEVICE_FAMILY = "1,2";
			};
			name = Debug;
		};
		398C3B662523F23B00BE904E /* Release */ = {
			isa = XCBuildConfiguration;
			buildSettings = {
				ASSETCATALOG_COMPILER_APPICON_NAME = AppIcon;
				ASSETCATALOG_COMPILER_GLOBAL_ACCENT_COLOR_NAME = AccentColor;
				CODE_SIGN_STYLE = Automatic;
				DEVELOPMENT_ASSET_PATHS = "\"First App/Preview Content\"";
				ENABLE_PREVIEWS = YES;
				INFOPLIST_FILE = "First App/Info.plist";
				IPHONEOS_DEPLOYMENT_TARGET = 14.0;
				LD_RUNPATH_SEARCH_PATHS = (
					"$(inherited)",
					"@executable_path/Frameworks",
				);
				PRODUCT_BUNDLE_IDENTIFIER = "thegalkinDev.First-App";
				PRODUCT_NAME = "$(TARGET_NAME)";
				SWIFT_VERSION = 5.0;
				TARGETED_DEVICE_FAMILY = "1,2";
			};
			name = Release;
		};
		398C3B682523F23B00BE904E /* Debug */ = {
			isa = XCBuildConfiguration;
			buildSettings = {
				ALWAYS_EMBED_SWIFT_STANDARD_LIBRARIES = YES;
				BUNDLE_LOADER = "$(TEST_HOST)";
				CODE_SIGN_STYLE = Automatic;
				INFOPLIST_FILE = "First AppTests/Info.plist";
				IPHONEOS_DEPLOYMENT_TARGET = 14.0;
				LD_RUNPATH_SEARCH_PATHS = (
					"$(inherited)",
					"@executable_path/Frameworks",
					"@loader_path/Frameworks",
				);
				PRODUCT_BUNDLE_IDENTIFIER = "thegalkinDev.First-AppTests";
				PRODUCT_NAME = "$(TARGET_NAME)";
				SWIFT_VERSION = 5.0;
				TARGETED_DEVICE_FAMILY = "1,2";
				TEST_HOST = "$(BUILT_PRODUCTS_DIR)/First App.app/First App";
			};
			name = Debug;
		};
		398C3B692523F23B00BE904E /* Release */ = {
			isa = XCBuildConfiguration;
			buildSettings = {
				ALWAYS_EMBED_SWIFT_STANDARD_LIBRARIES = YES;
				BUNDLE_LOADER = "$(TEST_HOST)";
				CODE_SIGN_STYLE = Automatic;
				INFOPLIST_FILE = "First AppTests/Info.plist";
				IPHONEOS_DEPLOYMENT_TARGET = 14.0;
				LD_RUNPATH_SEARCH_PATHS = (
					"$(inherited)",
					"@executable_path/Frameworks",
					"@loader_path/Frameworks",
				);
				PRODUCT_BUNDLE_IDENTIFIER = "thegalkinDev.First-AppTests";
				PRODUCT_NAME = "$(TARGET_NAME)";
				SWIFT_VERSION = 5.0;
				TARGETED_DEVICE_FAMILY = "1,2";
				TEST_HOST = "$(BUILT_PRODUCTS_DIR)/First App.app/First App";
			};
			name = Release;
		};
		398C3B6B2523F23B00BE904E /* Debug */ = {
			isa = XCBuildConfiguration;
			buildSettings = {
				ALWAYS_EMBED_SWIFT_STANDARD_LIBRARIES = YES;
				CODE_SIGN_STYLE = Automatic;
				INFOPLIST_FILE = "First AppUITests/Info.plist";
				LD_RUNPATH_SEARCH_PATHS = (
					"$(inherited)",
					"@executable_path/Frameworks",
					"@loader_path/Frameworks",
				);
				PRODUCT_BUNDLE_IDENTIFIER = "thegalkinDev.First-AppUITests";
				PRODUCT_NAME = "$(TARGET_NAME)";
				SWIFT_VERSION = 5.0;
				TARGETED_DEVICE_FAMILY = "1,2";
				TEST_TARGET_NAME = "First App";
			};
			name = Debug;
		};
		398C3B6C2523F23B00BE904E /* Release */ = {
			isa = XCBuildConfiguration;
			buildSettings = {
				ALWAYS_EMBED_SWIFT_STANDARD_LIBRARIES = YES;
				CODE_SIGN_STYLE = Automatic;
				INFOPLIST_FILE = "First AppUITests/Info.plist";
				LD_RUNPATH_SEARCH_PATHS = (
					"$(inherited)",
					"@executable_path/Frameworks",
					"@loader_path/Frameworks",
				);
				PRODUCT_BUNDLE_IDENTIFIER = "thegalkinDev.First-AppUITests";
				PRODUCT_NAME = "$(TARGET_NAME)";
				SWIFT_VERSION = 5.0;
				TARGETED_DEVICE_FAMILY = "1,2";
				TEST_TARGET_NAME = "First App";
			};
			name = Release;
		};
/* End XCBuildConfiguration section */

/* Begin XCConfigurationList section */
		398C3B3A2523F23900BE904E /* Build configuration list for PBXProject "First App" */ = {
			isa = XCConfigurationList;
			buildConfigurations = (
				398C3B622523F23B00BE904E /* Debug */,
				398C3B632523F23B00BE904E /* Release */,
			);
			defaultConfigurationIsVisible = 0;
			defaultConfigurationName = Release;
		};
		398C3B642523F23B00BE904E /* Build configuration list for PBXNativeTarget "First App" */ = {
			isa = XCConfigurationList;
			buildConfigurations = (
				398C3B652523F23B00BE904E /* Debug */,
				398C3B662523F23B00BE904E /* Release */,
			);
			defaultConfigurationIsVisible = 0;
			defaultConfigurationName = Release;
		};
		398C3B672523F23B00BE904E /* Build configuration list for PBXNativeTarget "First AppTests" */ = {
			isa = XCConfigurationList;
			buildConfigurations = (
				398C3B682523F23B00BE904E /* Debug */,
				398C3B692523F23B00BE904E /* Release */,
			);
			defaultConfigurationIsVisible = 0;
			defaultConfigurationName = Release;
		};
		398C3B6A2523F23B00BE904E /* Build configuration list for PBXNativeTarget "First AppUITests" */ = {
			isa = XCConfigurationList;
			buildConfigurations = (
				398C3B6B2523F23B00BE904E /* Debug */,
				398C3B6C2523F23B00BE904E /* Release */,
			);
			defaultConfigurationIsVisible = 0;
			defaultConfigurationName = Release;
		};
/* End XCConfigurationList section */
	};
	rootObject = 398C3B372523F23900BE904E /* Project object */;
}
